
Microsoft Visual Studio Solution File, Format Version 12.00
# Visual Studio 15
Project("{FAE04EC0-301F-11D3-BF4B-00C04F79EFBC}") = "Assembly-CSharp", "Assembly-CSharp.csproj", "{20ED65A9-5645-9596-2AF8-A6E5D4A198B8}"
EndProject
Project("{FAE04EC0-301F-11D3-BF4B-00C04F79EFBC}") = "InputSystem.Samples.Visualizers", "InputSystem.Samples.Visualizers.csproj", "{A6682172-8190-F7C9-374A-27B8A11CDE7C}"
EndProject
Project("{FAE04EC0-301F-11D3-BF4B-00C04F79EFBC}") = "Unity.InputSystem.RebindingUI", "Unity.InputSystem.RebindingUI.csproj", "{03630DB1-33B1-380E-2EB7-089C5EA99DB4}"
EndProject
Project("{FAE04EC0-301F-11D3-BF4B-00C04F79EFBC}") = "Unity.InputSystem.Recorder", "Unity.InputSystem.Recorder.csproj", "{E6859EC9-09D2-C905-B573-D5F433DFDBCA}"
EndProject
Project("{FAE04EC0-301F-11D3-BF4B-00C04F79EFBC}") = "Unity.InputSystem.InGameHints", "Unity.InputSystem.InGameHints.csproj", "{6BF319E3-FADC-5F62-F7EA-01BFA1E23082}"
EndProject
Project("{FAE04EC0-301F-11D3-BF4B-00C04F79EFBC}") = "Unity.InputSystem.VirtualMouseInput", "Unity.InputSystem.VirtualMouseInput.csproj", "{27317C21-7055-1DB8-B88C-EC1770D3AB51}"
EndProject
Global
	GlobalSection(SolutionConfigurationPlatforms) = preSolution
		Debug|Any CPU = Debug|Any CPU
		Release|Any CPU = Release|Any CPU
	EndGlobalSection
	GlobalSection(ProjectConfigurationPlatforms) = postSolution
		{20ED65A9-5645-9596-2AF8-A6E5D4A198B8}.Debug|Any CPU.ActiveCfg = Debug|Any CPU
		{20ED65A9-5645-9596-2AF8-A6E5D4A198B8}.Debug|Any CPU.Build.0 = Debug|Any CPU
		{20ED65A9-5645-9596-2AF8-A6E5D4A198B8}.Release|Any CPU.ActiveCfg = Release|Any CPU
		{20ED65A9-5645-9596-2AF8-A6E5D4A198B8}.Release|Any CPU.Build.0 = Release|Any CPU
		{A6682172-8190-F7C9-374A-27B8A11CDE7C}.Debug|Any CPU.ActiveCfg = Debug|Any CPU
		{A6682172-8190-F7C9-374A-27B8A11CDE7C}.Debug|Any CPU.Build.0 = Debug|Any CPU
		{A6682172-8190-F7C9-374A-27B8A11CDE7C}.Release|Any CPU.ActiveCfg = Release|Any CPU
		{A6682172-8190-F7C9-374A-27B8A11CDE7C}.Release|Any CPU.Build.0 = Release|Any CPU
		{03630DB1-33B1-380E-2EB7-089C5EA99DB4}.Debug|Any CPU.ActiveCfg = Debug|Any CPU
		{03630DB1-33B1-380E-2EB7-089C5EA99DB4}.Debug|Any CPU.Build.0 = Debug|Any CPU
		{03630DB1-33B1-380E-2EB7-089C5EA99DB4}.Release|Any CPU.ActiveCfg = Release|Any CPU
		{03630DB1-33B1-380E-2EB7-089C5EA99DB4}.Release|Any CPU.Build.0 = Release|Any CPU
		{E6859EC9-09D2-C905-B573-D5F433DFDBCA}.Debug|Any CPU.ActiveCfg = Debug|Any CPU
		{E6859EC9-09D2-C905-B573-D5F433DFDBCA}.Debug|Any CPU.Build.0 = Debug|Any CPU
		{E6859EC9-09D2-C905-B573-D5F433DFDBCA}.Release|Any CPU.ActiveCfg = Release|Any CPU
		{E6859EC9-09D2-C905-B573-D5F433DFDBCA}.Release|Any CPU.Build.0 = Release|Any CPU
		{6BF319E3-FADC-5F62-F7EA-01BFA1E23082}.Debug|Any CPU.ActiveCfg = Debug|Any CPU
		{6BF319E3-FADC-5F62-F7EA-01BFA1E23082}.Debug|Any CPU.Build.0 = Debug|Any CPU
		{6BF319E3-FADC-5F62-F7EA-01BFA1E23082}.Release|Any CPU.ActiveCfg = Release|Any CPU
		{6BF319E3-FADC-5F62-F7EA-01BFA1E23082}.Release|Any CPU.Build.0 = Release|Any CPU
		{27317C21-7055-1DB8-B88C-EC1770D3AB51}.Debug|Any CPU.ActiveCfg = Debug|Any CPU
		{27317C21-7055-1DB8-B88C-EC1770D3AB51}.Debug|Any CPU.Build.0 = Debug|Any CPU
		{27317C21-7055-1DB8-B88C-EC1770D3AB51}.Release|Any CPU.ActiveCfg = Release|Any CPU
		{27317C21-7055-1DB8-B88C-EC1770D3AB51}.Release|Any CPU.Build.0 = Release|Any CPU
	EndGlobalSection
	GlobalSection(SolutionProperties) = preSolution
		HideSolutionNode = FALSE
	EndGlobalSection
EndGlobal
